
Microsoft Visual Studio Solution File, Format Version 12.00
# Visual Studio 14
VisualStudioVersion = 14.0.25420.1
MinimumVisualStudioVersion = 10.0.40219.1
Project("{2150E333-8FDC-42A3-9474-1A3956D46DE8}") = "src", "src", "{620A9230-E641-4B4F-ADBD-587D61B98C6D}"
EndProject
Project("{2150E333-8FDC-42A3-9474-1A3956D46DE8}") = "Solution Items", "Solution Items", "{331D6D97-35FB-44BF-8968-242B8A1E03C8}"
	ProjectSection(SolutionItems) = preProject
		global.json = global.json
	EndProjectSection
EndProject
Project("{8BB2217D-0F2D-49D1-97BC-3654ED321F3B}") = "EfTask2", "src\EfTask2\EfTask2.xproj", "{F86A1BA5-816A-44C3-8E70-1547405578A2}"
EndProject
Global
	GlobalSection(SolutionConfigurationPlatforms) = preSolution
		Debug|Any CPU = Debug|Any CPU
		Release|Any CPU = Release|Any CPU
	EndGlobalSection
	GlobalSection(ProjectConfigurationPlatforms) = postSolution
		{F86A1BA5-816A-44C3-8E70-1547405578A2}.Debug|Any CPU.ActiveCfg = Debug|Any CPU
		{F86A1BA5-816A-44C3-8E70-1547405578A2}.Debug|Any CPU.Build.0 = Debug|Any CPU
		{F86A1BA5-816A-44C3-8E70-1547405578A2}.Release|Any CPU.ActiveCfg = Release|Any CPU
		{F86A1BA5-816A-44C3-8E70-1547405578A2}.Release|Any CPU.Build.0 = Release|Any CPU
	EndGlobalSection
	GlobalSection(SolutionProperties) = preSolution
		HideSolutionNode = FALSE
	EndGlobalSection
	GlobalSection(NestedProjects) = preSolution
		{F86A1BA5-816A-44C3-8E70-1547405578A2} = {620A9230-E641-4B4F-ADBD-587D61B98C6D}
	EndGlobalSection
EndGlobal
